
Microsoft Visual Studio Solution File, Format Version 12.00
# Visual Studio Version 16
VisualStudioVersion = 16.0.31605.320
MinimumVisualStudioVersion = 10.0.40219.1
Project("{FAE04EC0-301F-11D3-BF4B-00C04F79EFBC}") = "Word Scramble", "Word Scramble\Word Scramble.csproj", "{DCD93881-00EB-48ED-9622-E58956E40E0E}"
EndProject
Global
	GlobalSection(SolutionConfigurationPlatforms) = preSolution
		Debug|Any CPU = Debug|Any CPU
		Release|Any CPU = Release|Any CPU
	EndGlobalSection
	GlobalSection(ProjectConfigurationPlatforms) = postSolution
		{DCD93881-00EB-48ED-9622-E58956E40E0E}.Debug|Any CPU.ActiveCfg = Debug|Any CPU
		{DCD93881-00EB-48ED-9622-E58956E40E0E}.Debug|Any CPU.Build.0 = Debug|Any CPU
		{DCD93881-00EB-48ED-9622-E58956E40E0E}.Release|Any CPU.ActiveCfg = Release|Any CPU
		{DCD93881-00EB-48ED-9622-E58956E40E0E}.Release|Any CPU.Build.0 = Release|Any CPU
	EndGlobalSection
	GlobalSection(SolutionProperties) = preSolution
		HideSolutionNode = FALSE
	EndGlobalSection
	GlobalSection(ExtensibilityGlobals) = postSolution
		SolutionGuid = {248E96BD-63D6-4FA2-8DC4-71D33E4602EE}
	EndGlobalSection
EndGlobal
